
Microsoft Visual Studio Solution File, Format Version 11.00
# Visual Studio 2010
Project("{FAE04EC0-301F-11D3-BF4B-00C04F79EFBC}") = "Lunchsajten", "Lunchsajten\Lunchsajten.csproj", "{A273C717-0616-4750-82CF-26AA42167917}"
EndProject
Project("{FAE04EC0-301F-11D3-BF4B-00C04F79EFBC}") = "Business", "Business\Business.csproj", "{171765CB-E99C-4057-968E-5D3EA88FC344}"
EndProject
Project("{FAE04EC0-301F-11D3-BF4B-00C04F79EFBC}") = "Models", "Models\Models.csproj", "{FF496DD0-0D1E-4D89-8DD4-5AA7792F025C}"
EndProject
Global
	GlobalSection(SolutionConfigurationPlatforms) = preSolution
		Debug|Any CPU = Debug|Any CPU
		Release|Any CPU = Release|Any CPU
	EndGlobalSection
	GlobalSection(ProjectConfigurationPlatforms) = postSolution
		{A273C717-0616-4750-82CF-26AA42167917}.Debug|Any CPU.ActiveCfg = Debug|Any CPU
		{A273C717-0616-4750-82CF-26AA42167917}.Debug|Any CPU.Build.0 = Debug|Any CPU
		{A273C717-0616-4750-82CF-26AA42167917}.Release|Any CPU.ActiveCfg = Release|Any CPU
		{A273C717-0616-4750-82CF-26AA42167917}.Release|Any CPU.Build.0 = Release|Any CPU
		{171765CB-E99C-4057-968E-5D3EA88FC344}.Debug|Any CPU.ActiveCfg = Debug|Any CPU
		{171765CB-E99C-4057-968E-5D3EA88FC344}.Debug|Any CPU.Build.0 = Debug|Any CPU
		{171765CB-E99C-4057-968E-5D3EA88FC344}.Release|Any CPU.ActiveCfg = Release|Any CPU
		{171765CB-E99C-4057-968E-5D3EA88FC344}.Release|Any CPU.Build.0 = Release|Any CPU
		{FF496DD0-0D1E-4D89-8DD4-5AA7792F025C}.Debug|Any CPU.ActiveCfg = Debug|Any CPU
		{FF496DD0-0D1E-4D89-8DD4-5AA7792F025C}.Debug|Any CPU.Build.0 = Debug|Any CPU
		{FF496DD0-0D1E-4D89-8DD4-5AA7792F025C}.Release|Any CPU.ActiveCfg = Release|Any CPU
		{FF496DD0-0D1E-4D89-8DD4-5AA7792F025C}.Release|Any CPU.Build.0 = Release|Any CPU
	EndGlobalSection
	GlobalSection(SolutionProperties) = preSolution
		HideSolutionNode = FALSE
	EndGlobalSection
EndGlobal
